<Solution>
  <Folder Name="/src/">
    <Project Path="src/Cueless.Application/Cueless.Application.csproj" />
    <Project Path="src/Cueless.Domain/Cueless.Domain.csproj" />
    <Project Path="src/Cueless.Infrastructure/Cueless.Infrastructure.csproj" />
    <Project Path="src/Cueless.Web/Cueless.Web.csproj" />
  </Folder>
  <Folder Name="/tests/">
    <Project Path="tests/Cueless.Application.Tests/Cueless.Application.Tests.csproj" />
    <Project Path="tests/Cueless.Domain.Tests/Cueless.Domain.Tests.csproj" />
  </Folder>
</Solution>
